# @generated by Move, please check-in and do not edit manually.

[move]
version = 3
manifest_digest = "93AE0B908E816EAC4A9D67E1B7EEF9EF663FD1E8318D2252A642D8D4A509170D"
deps_digest = "3C4103934B1E040BB6B23F1D610B4EF9F2F1166A50A104EADCF77467C004C600"
dependencies = [
  { id = "MoveStdlib", name = "MoveStdlib" },
  { id = "cvlm", name = "cvlm" },
]

[[move.package]]
id = "MoveStdlib"
source = { git = "https://github.com/MystenLabs/sui.git", rev = "b40cdedf4df6f0deaa4a46c1bf99c57029160202", subdir = "crates/sui-framework/packages/move-stdlib" }

[[move.package]]
id = "Sui"
source = { git = "https://github.com/MystenLabs/sui.git", rev = "framework/testnet", subdir = "crates/sui-framework/packages/sui-framework" }

dependencies = [
  { id = "MoveStdlib", name = "MoveStdlib" },
]

[[move.package]]
id = "cvlm"
source = { git = "https://github.com/Certora/cvl-move-proto.git", rev = "3cfe7967c9c24dac20759b507cbdd9289fb3576b", subdir = "cvlm" }

dependencies = [
  { id = "MoveStdlib", name = "MoveStdlib" },
  { id = "Sui", name = "Sui" },
]

[move.toolchain-version]
compiler-version = "1.59.1"
edition = "2024.beta"
flavor = "sui"
